
Microsoft Visual Studio Solution File, Format Version 12.00
# Visual Studio Version 17
VisualStudioVersion = 17.14.36518.9 d17.14
MinimumVisualStudioVersion = 10.0.40219.1
Project("{FAE04EC0-301F-11D3-BF4B-00C04F79EFBC}") = "assignment 1", "assignment 1\assignment 1.csproj", "{B79704C0-0716-4D5B-B736-63744F208972}"
EndProject
Global
	GlobalSection(SolutionConfigurationPlatforms) = preSolution
		Debug|Any CPU = Debug|Any CPU
		Release|Any CPU = Release|Any CPU
	EndGlobalSection
	GlobalSection(ProjectConfigurationPlatforms) = postSolution
		{B79704C0-0716-4D5B-B736-63744F208972}.Debug|Any CPU.ActiveCfg = Debug|Any CPU
		{B79704C0-0716-4D5B-B736-63744F208972}.Debug|Any CPU.Build.0 = Debug|Any CPU
		{B79704C0-0716-4D5B-B736-63744F208972}.Release|Any CPU.ActiveCfg = Release|Any CPU
		{B79704C0-0716-4D5B-B736-63744F208972}.Release|Any CPU.Build.0 = Release|Any CPU
	EndGlobalSection
	GlobalSection(SolutionProperties) = preSolution
		HideSolutionNode = FALSE
	EndGlobalSection
	GlobalSection(ExtensibilityGlobals) = postSolution
		SolutionGuid = {7D8DBA43-044C-47BD-BC57-5959EEB20881}
	EndGlobalSection
EndGlobal
